
Microsoft Visual Studio Solution File, Format Version 12.00
# Visual Studio Version 17
VisualStudioVersion = 17.8.34322.80
MinimumVisualStudioVersion = 10.0.40219.1
Project("{8BC9CEB8-8B4A-11D0-8D11-00A0C91BC942}") = "TerrariumKit", "TerrariumKit\TerrariumKit.vcxproj", "{AEF4F56F-A490-4F5B-849A-4B47C07B187E}"
EndProject
Global
	GlobalSection(SolutionConfigurationPlatforms) = preSolution
		Debug|x64 = Debug|x64
		Debug|x86 = Debug|x86
		Release|x64 = Release|x64
		Release|x86 = Release|x86
	EndGlobalSection
	GlobalSection(ProjectConfigurationPlatforms) = postSolution
		{AEF4F56F-A490-4F5B-849A-4B47C07B187E}.Debug|x64.ActiveCfg = Debug|x64
		{AEF4F56F-A490-4F5B-849A-4B47C07B187E}.Debug|x64.Build.0 = Debug|x64
		{AEF4F56F-A490-4F5B-849A-4B47C07B187E}.Debug|x86.ActiveCfg = Debug|Win32
		{AEF4F56F-A490-4F5B-849A-4B47C07B187E}.Debug|x86.Build.0 = Debug|Win32
		{AEF4F56F-A490-4F5B-849A-4B47C07B187E}.Release|x64.ActiveCfg = Release|x64
		{AEF4F56F-A490-4F5B-849A-4B47C07B187E}.Release|x64.Build.0 = Release|x64
		{AEF4F56F-A490-4F5B-849A-4B47C07B187E}.Release|x86.ActiveCfg = Release|Win32
		{AEF4F56F-A490-4F5B-849A-4B47C07B187E}.Release|x86.Build.0 = Release|Win32
	EndGlobalSection
	GlobalSection(SolutionProperties) = preSolution
		HideSolutionNode = FALSE
	EndGlobalSection
	GlobalSection(ExtensibilityGlobals) = postSolution
		SolutionGuid = {028A7C1C-68CF-455A-BA00-8FEF114D2FE4}
	EndGlobalSection
EndGlobal
