<?xml version="1.0" encoding="utf-8"?>
<Project ToolsVersion="4.0" xmlns="http://schemas.microsoft.com/developer/msbuild/2003">
  <ItemGroup>
    <Filter Include="Source Files">
      <UniqueIdentifier>{4FC737F1-C7A5-4376-A066-2A32D752A2FF}</UniqueIdentifier>
      <Extensions>cpp;c;cc;cxx;c++;cppm;ixx;def;odl;idl;hpj;bat;asm;asmx</Extensions>
    </Filter>
    <Filter Include="Header Files">
      <UniqueIdentifier>{93995380-89BD-4b04-88EB-625FBE52EBFB}</UniqueIdentifier>
      <Extensions>h;hh;hpp;hxx;h++;hm;inl;inc;ipp;xsd</Extensions>
    </Filter>
    <Filter Include="Resource Files">
      <UniqueIdentifier>{67DA6AB6-F800-4c08-8B7A-83BB121AAD01}</UniqueIdentifier>
      <Extensions>rc;ico;cur;bmp;dlg;rc2;rct;bin;rgs;gif;jpg;jpeg;jpe;resx;tiff;tif;png;wav;mfcribbon-ms</Extensions>
    </Filter>
    <Filter Include="Dlls">
      <UniqueIdentifier>{be36fcf4-79fc-45dd-a66b-2d7fb34eaa78}</UniqueIdentifier>
    </Filter>
    <Filter Include="Shaders">
      <UniqueIdentifier>{a322069f-a030-437d-918f-2a4479ad5b78}</UniqueIdentifier>
    </Filter>
    <Filter Include="Header Files\Commands">
      <UniqueIdentifier>{dce9713c-3810-4595-84d3-ca33355ac708}</UniqueIdentifier>
    </Filter>
    <Filter Include="Source Files\Glad">
      <UniqueIdentifier>{1a780c01-abc5-4099-804e-17d1dd99b031}</UniqueIdentifier>
    </Filter>
    <Filter Include="Header Files\TerrainGen">
      <UniqueIdentifier>{d92be932-6862-443d-8cfa-57a830d6b693}</UniqueIdentifier>
    </Filter>
    <Filter Include="Source Files\TerrainGen">
      <UniqueIdentifier>{53525e77-cc6a-4a9d-a10b-ae11a16889ea}</UniqueIdentifier>
    </Filter>
    <Filter Include="Header Files\Camera">
      <UniqueIdentifier>{8cf428f9-4897-4b9a-a613-41a2005c86c3}</UniqueIdentifier>
    </Filter>
    <Filter Include="Source Files\Camera">
      <UniqueIdentifier>{9c9d5c9a-8c2d-437e-ac62-d1768c5cb49b}</UniqueIdentifier>
    </Filter>
    <Filter Include="Header Files\Components">
      <UniqueIdentifier>{62e2a487-384f-421d-afc3-a520169ffa7c}</UniqueIdentifier>
    </Filter>
    <Filter Include="Header Files\System">
      <UniqueIdentifier>{d9991421-cb80-4ca4-a8f7-6fad89b376ff}</UniqueIdentifier>
    </Filter>
    <Filter Include="Source Files\System">
      <UniqueIdentifier>{04f8f846-4e14-4364-8c67-d32fb349de48}</UniqueIdentifier>
    </Filter>
    <Filter Include="Source Files\Components">
      <UniqueIdentifier>{86309c4f-0631-4fe8-a707-15949fb60e32}</UniqueIdentifier>
    </Filter>
    <Filter Include="Header Files\TextRendering">
      <UniqueIdentifier>{0b92d23f-dad4-4d9c-9217-5def4c37ae8d}</UniqueIdentifier>
    </Filter>
    <Filter Include="Source Files\TextRendering">
      <UniqueIdentifier>{29d771d1-c9f7-4e16-be3f-9b876b976413}</UniqueIdentifier>
    </Filter>
    <Filter Include="Header Files\Rendering">
      <UniqueIdentifier>{227deadc-0f5f-40a0-b3e5-ff5fbb1adf0a}</UniqueIdentifier>
    </Filter>
    <Filter Include="Source Files\Rendering">
      <UniqueIdentifier>{93a1722a-9c08-4dab-9731-95bc1812d4cc}</UniqueIdentifier>
    </Filter>
  </ItemGroup>
  <ItemGroup>
    <ClCompile Include="Main.cpp">
      <Filter>Source Files</Filter>
    </ClCompile>
    <ClCompile Include="MainGame.cpp">
      <Filter>Source Files</Filter>
    </ClCompile>
    <ClCompile Include="ErrorLog.cpp">
      <Filter>Source Files</Filter>
    </ClCompile>
    <ClCompile Include="Player.cpp">
      <Filter>Source Files</Filter>
    </ClCompile>
    <ClCompile Include="..\Dependencies\CFiles\glad.c">
      <Filter>Source Files\Glad</Filter>
    </ClCompile>
    <ClCompile Include="VoxelType.cpp">
      <Filter>Source Files\TerrainGen</Filter>
    </ClCompile>
    <ClCompile Include="Chunk.cpp">
      <Filter>Source Files\TerrainGen</Filter>
    </ClCompile>
    <ClCompile Include="ChunkID.cpp">
      <Filter>Source Files\TerrainGen</Filter>
    </ClCompile>
    <ClCompile Include="ChunkManager.cpp">
      <Filter>Source Files\TerrainGen</Filter>
    </ClCompile>
    <ClCompile Include="TerrainGen.cpp">
      <Filter>Source Files\TerrainGen</Filter>
    </ClCompile>
    <ClCompile Include="World.cpp">
      <Filter>Source Files\TerrainGen</Filter>
    </ClCompile>
    <ClCompile Include="Time.cpp">
      <Filter>Source Files\System</Filter>
    </ClCompile>
    <ClCompile Include="Input.cpp">
      <Filter>Source Files\System</Filter>
    </ClCompile>
    <ClCompile Include="Keybindings.cpp">
      <Filter>Source Files\System</Filter>
    </ClCompile>
    <ClCompile Include="TransformComponent.cpp">
      <Filter>Source Files\Components</Filter>
    </ClCompile>
    <ClCompile Include="Camera.cpp">
      <Filter>Source Files\Camera</Filter>
    </ClCompile>
    <ClCompile Include="JobManager.cpp">
      <Filter>Source Files\System</Filter>
    </ClCompile>
    <ClCompile Include="MeshRenderer.cpp">
      <Filter>Source Files\Components</Filter>
    </ClCompile>
    <ClCompile Include="GlyphAtlas.cpp">
      <Filter>Source Files\TextRendering</Filter>
    </ClCompile>
    <ClCompile Include="TextRenderer.cpp">
      <Filter>Source Files\TextRendering</Filter>
    </ClCompile>
    <ClCompile Include="Mesh.cpp">
      <Filter>Source Files\Rendering</Filter>
    </ClCompile>
    <ClCompile Include="ShaderProgram.cpp">
      <Filter>Source Files\Rendering</Filter>
    </ClCompile>
    <ClCompile Include="Texture.cpp">
      <Filter>Source Files\Rendering</Filter>
    </ClCompile>
    <ClCompile Include="TextureAtlas.cpp">
      <Filter>Source Files\Rendering</Filter>
    </ClCompile>
  </ItemGroup>
  <ItemGroup>
    <CopyFileToFolders Include="..\Dependencies\dlls\SDL2.dll">
      <Filter>Dlls</Filter>
    </CopyFileToFolders>
    <CopyFileToFolders Include="..\Dependencies\dlls\SDL2_image.dll">
      <Filter>Dlls</Filter>
    </CopyFileToFolders>
    <CopyFileToFolders Include="..\Dependencies\dlls\SDL2_ttf.dll">
      <Filter>Dlls</Filter>
    </CopyFileToFolders>
  </ItemGroup>
  <ItemGroup>
    <ClInclude Include="MainGame.h">
      <Filter>Header Files</Filter>
    </ClInclude>
    <ClInclude Include="ErrorLog.h">
      <Filter>Header Files</Filter>
    </ClInclude>
    <ClInclude Include="Structs.h">
      <Filter>Header Files</Filter>
    </ClInclude>
    <ClInclude Include="Player.h">
      <Filter>Header Files</Filter>
    </ClInclude>
    <ClInclude Include="ICommand.h">
      <Filter>Header Files\Commands</Filter>
    </ClInclude>
    <ClInclude Include="ZoomCameraCommand.h">
      <Filter>Header Files\Commands</Filter>
    </ClInclude>
    <ClInclude Include="RotateCameraCommand.h">
      <Filter>Header Files\Commands</Filter>
    </ClInclude>
    <ClInclude Include="VoxelType.h">
      <Filter>Header Files\TerrainGen</Filter>
    </ClInclude>
    <ClInclude Include="Chunk.h">
      <Filter>Header Files\TerrainGen</Filter>
    </ClInclude>
    <ClInclude Include="ChunkID.h">
      <Filter>Header Files\TerrainGen</Filter>
    </ClInclude>
    <ClInclude Include="ChunkManager.h">
      <Filter>Header Files\TerrainGen</Filter>
    </ClInclude>
    <ClInclude Include="ITerrainGen.h">
      <Filter>Header Files\TerrainGen</Filter>
    </ClInclude>
    <ClInclude Include="TerrainGen.h">
      <Filter>Header Files\TerrainGen</Filter>
    </ClInclude>
    <ClInclude Include="World.h">
      <Filter>Header Files\TerrainGen</Filter>
    </ClInclude>
    <ClInclude Include="ICamera.h">
      <Filter>Header Files\Camera</Filter>
    </ClInclude>
    <ClInclude Include="IChunkMediator.h">
      <Filter>Header Files\TerrainGen</Filter>
    </ClInclude>
    <ClInclude Include="Time.h">
      <Filter>Header Files\System</Filter>
    </ClInclude>
    <ClInclude Include="Input.h">
      <Filter>Header Files\System</Filter>
    </ClInclude>
    <ClInclude Include="Keybindings.h">
      <Filter>Header Files\System</Filter>
    </ClInclude>
    <ClInclude Include="TransformComponent.h">
      <Filter>Header Files\Components</Filter>
    </ClInclude>
    <ClInclude Include="Camera.h">
      <Filter>Header Files\Camera</Filter>
    </ClInclude>
    <ClInclude Include="IGameObject.h">
      <Filter>Header Files</Filter>
    </ClInclude>
    <ClInclude Include="JobManager.h">
      <Filter>Header Files\System</Filter>
    </ClInclude>
    <ClInclude Include="IMeshRenderer.h">
      <Filter>Header Files\Components</Filter>
    </ClInclude>
    <ClInclude Include="MeshRenderer.h">
      <Filter>Header Files\Components</Filter>
    </ClInclude>
    <ClInclude Include="NullMeshRenderer.h">
      <Filter>Header Files\Components</Filter>
    </ClInclude>
    <ClInclude Include="GlyphAtlas.h">
      <Filter>Header Files\TextRendering</Filter>
    </ClInclude>
    <ClInclude Include="TextRenderer.h">
      <Filter>Header Files\TextRendering</Filter>
    </ClInclude>
    <ClInclude Include="Mesh.h">
      <Filter>Header Files\Rendering</Filter>
    </ClInclude>
    <ClInclude Include="ShaderProgram.h">
      <Filter>Header Files\Rendering</Filter>
    </ClInclude>
    <ClInclude Include="Texture.h">
      <Filter>Header Files\Rendering</Filter>
    </ClInclude>
    <ClInclude Include="TextureAtlas.h">
      <Filter>Header Files\Rendering</Filter>
    </ClInclude>
    <ClInclude Include="IRenderer.h">
      <Filter>Header Files\Rendering</Filter>
    </ClInclude>
  </ItemGroup>
  <ItemGroup>
    <None Include="Shaders\fragment.glsl">
      <Filter>Shaders</Filter>
    </None>
    <None Include="Shaders\vertex.glsl">
      <Filter>Shaders</Filter>
    </None>
  </ItemGroup>
</Project>